
Microsoft Visual Studio Solution File, Format Version 12.00
# Visual Studio Version 16
VisualStudioVersion = 16.0.29920.165
MinimumVisualStudioVersion = 10.0.40219.1
Project("{FAE04EC0-301F-11D3-BF4B-00C04F79EFBC}") = "MergeTwoSortedArrays", "MergeTwoSortedArrays\MergeTwoSortedArrays.csproj", "{B3E721EE-B4DC-41A4-A4C8-BC213C248E59}"
EndProject
Global
	GlobalSection(SolutionConfigurationPlatforms) = preSolution
		Debug|Any CPU = Debug|Any CPU
		Release|Any CPU = Release|Any CPU
	EndGlobalSection
	GlobalSection(ProjectConfigurationPlatforms) = postSolution
		{B3E721EE-B4DC-41A4-A4C8-BC213C248E59}.Debug|Any CPU.ActiveCfg = Debug|Any CPU
		{B3E721EE-B4DC-41A4-A4C8-BC213C248E59}.Debug|Any CPU.Build.0 = Debug|Any CPU
		{B3E721EE-B4DC-41A4-A4C8-BC213C248E59}.Release|Any CPU.ActiveCfg = Release|Any CPU
		{B3E721EE-B4DC-41A4-A4C8-BC213C248E59}.Release|Any CPU.Build.0 = Release|Any CPU
	EndGlobalSection
	GlobalSection(SolutionProperties) = preSolution
		HideSolutionNode = FALSE
	EndGlobalSection
	GlobalSection(ExtensibilityGlobals) = postSolution
		SolutionGuid = {7E04D332-3165-461A-990B-BC8EFC584A06}
	EndGlobalSection
EndGlobal
